
Microsoft Visual Studio Solution File, Format Version 12.00
# Visual Studio Version 17
VisualStudioVersion = 17.7.34003.232
MinimumVisualStudioVersion = 10.0.40219.1
Project("{FAE04EC0-301F-11D3-BF4B-00C04F79EFBC}") = "Project A", "Project A\Project A.csproj", "{948561FB-6CC4-4FF5-90A0-0602AA01CD4E}"
EndProject
Project("{FAE04EC0-301F-11D3-BF4B-00C04F79EFBC}") = "WebDemoMVC", "WebDemoMVC\WebDemoMVC.csproj", "{01C70B9B-9DF5-4FC7-BE9A-DC8A6A224AB4}"
EndProject
Global
	GlobalSection(SolutionConfigurationPlatforms) = preSolution
		Debug|Any CPU = Debug|Any CPU
		Release|Any CPU = Release|Any CPU
	EndGlobalSection
	GlobalSection(ProjectConfigurationPlatforms) = postSolution
		{948561FB-6CC4-4FF5-90A0-0602AA01CD4E}.Debug|Any CPU.ActiveCfg = Debug|Any CPU
		{948561FB-6CC4-4FF5-90A0-0602AA01CD4E}.Debug|Any CPU.Build.0 = Debug|Any CPU
		{948561FB-6CC4-4FF5-90A0-0602AA01CD4E}.Release|Any CPU.ActiveCfg = Release|Any CPU
		{948561FB-6CC4-4FF5-90A0-0602AA01CD4E}.Release|Any CPU.Build.0 = Release|Any CPU
		{01C70B9B-9DF5-4FC7-BE9A-DC8A6A224AB4}.Debug|Any CPU.ActiveCfg = Debug|Any CPU
		{01C70B9B-9DF5-4FC7-BE9A-DC8A6A224AB4}.Debug|Any CPU.Build.0 = Debug|Any CPU
		{01C70B9B-9DF5-4FC7-BE9A-DC8A6A224AB4}.Release|Any CPU.ActiveCfg = Release|Any CPU
		{01C70B9B-9DF5-4FC7-BE9A-DC8A6A224AB4}.Release|Any CPU.Build.0 = Release|Any CPU
	EndGlobalSection
	GlobalSection(SolutionProperties) = preSolution
		HideSolutionNode = FALSE
	EndGlobalSection
	GlobalSection(ExtensibilityGlobals) = postSolution
		SolutionGuid = {12E222BC-F2C7-4ACB-9789-1BA263772782}
	EndGlobalSection
EndGlobal
